// !$*UTF8*$!
{
	archiveVersion = 1;
	classes = {
	};
	objectVersion = 56;
	objects = {

/* Begin PBXBuildFile section */
		38B8008B29C9586B005F35AF /* TrainingCell.swift in Sources */ = {isa = PBXBuildFile; fileRef = 38B8008929C9586B005F35AF /* TrainingCell.swift */; };
		38B8008C29C9586B005F35AF /* TrainingCell.xib in Resources */ = {isa = PBXBuildFile; fileRef = 38B8008A29C9586B005F35AF /* TrainingCell.xib */; };
		3F056A0729C74A8000BF1B41 /* CustomCreateTrainingCollectionViewCell.swift in Sources */ = {isa = PBXBuildFile; fileRef = 3F056A0629C74A8000BF1B41 /* CustomCreateTrainingCollectionViewCell.swift */; };
		3F6448BB29BA61F100BDE579 /* AppDelegate.swift in Sources */ = {isa = PBXBuildFile; fileRef = 3F6448BA29BA61F100BDE579 /* AppDelegate.swift */; };
		3F6448BD29BA61F100BDE579 /* SceneDelegate.swift in Sources */ = {isa = PBXBuildFile; fileRef = 3F6448BC29BA61F100BDE579 /* SceneDelegate.swift */; };
		3F6448BF29BA61F100BDE579 /* ViewController.swift in Sources */ = {isa = PBXBuildFile; fileRef = 3F6448BE29BA61F100BDE579 /* ViewController.swift */; };
		3F6448C229BA61F100BDE579 /* Main.storyboard in Resources */ = {isa = PBXBuildFile; fileRef = 3F6448C029BA61F100BDE579 /* Main.storyboard */; };
		3F6448C529BA61F100BDE579 /* APPMeuTreino.xcdatamodeld in Sources */ = {isa = PBXBuildFile; fileRef = 3F6448C329BA61F100BDE579 /* APPMeuTreino.xcdatamodeld */; };
		3F6448C729BA61F300BDE579 /* Assets.xcassets in Resources */ = {isa = PBXBuildFile; fileRef = 3F6448C629BA61F300BDE579 /* Assets.xcassets */; };
		3F6448CA29BA61F300BDE579 /* LaunchScreen.storyboard in Resources */ = {isa = PBXBuildFile; fileRef = 3F6448C829BA61F300BDE579 /* LaunchScreen.storyboard */; };
		3F6448D529BA61F300BDE579 /* APPMeuTreinoTests.swift in Sources */ = {isa = PBXBuildFile; fileRef = 3F6448D429BA61F300BDE579 /* APPMeuTreinoTests.swift */; };
		3F6448DF29BA61F300BDE579 /* APPMeuTreinoUITests.swift in Sources */ = {isa = PBXBuildFile; fileRef = 3F6448DE29BA61F300BDE579 /* APPMeuTreinoUITests.swift */; };
		3F6448E129BA61F300BDE579 /* APPMeuTreinoUITestsLaunchTests.swift in Sources */ = {isa = PBXBuildFile; fileRef = 3F6448E029BA61F300BDE579 /* APPMeuTreinoUITestsLaunchTests.swift */; };
		3F64490729BA70E600BDE579 /* LoginViewController.swift in Sources */ = {isa = PBXBuildFile; fileRef = 3F64490629BA70E600BDE579 /* LoginViewController.swift */; };
		3F64490929BA70F600BDE579 /* LoginViewController.storyboard in Resources */ = {isa = PBXBuildFile; fileRef = 3F64490829BA70F600BDE579 /* LoginViewController.storyboard */; };
		3F64490B29BA710A00BDE579 /* ForgotPasswordViewController.swift in Sources */ = {isa = PBXBuildFile; fileRef = 3F64490A29BA710A00BDE579 /* ForgotPasswordViewController.swift */; };
		3F64490D29BA711B00BDE579 /* ForgotPasswordViewController.storyboard in Resources */ = {isa = PBXBuildFile; fileRef = 3F64490C29BA711B00BDE579 /* ForgotPasswordViewController.storyboard */; };
		3F64490F29BA714400BDE579 /* RegisterViewController.swift in Sources */ = {isa = PBXBuildFile; fileRef = 3F64490E29BA714400BDE579 /* RegisterViewController.swift */; };
		3F64491129BA714D00BDE579 /* RegisterViewController.storyboard in Resources */ = {isa = PBXBuildFile; fileRef = 3F64491029BA714D00BDE579 /* RegisterViewController.storyboard */; };
		3F64491329BA715B00BDE579 /* HomeViewController.swift in Sources */ = {isa = PBXBuildFile; fileRef = 3F64491229BA715B00BDE579 /* HomeViewController.swift */; };
		3F64491529BA717000BDE579 /* HomeViewController.storyboard in Resources */ = {isa = PBXBuildFile; fileRef = 3F64491429BA717000BDE579 /* HomeViewController.storyboard */; };
		3F64491829BA71B400BDE579 /* CreateTrainingViewController.swift in Sources */ = {isa = PBXBuildFile; fileRef = 3F64491729BA71B400BDE579 /* CreateTrainingViewController.swift */; };
		3F64491A29BA71C000BDE579 /* CreateTrainingViewController.storyboard in Resources */ = {isa = PBXBuildFile; fileRef = 3F64491929BA71C000BDE579 /* CreateTrainingViewController.storyboard */; };
		3F64492029BA72F500BDE579 /* ExerciseSelectionViewController.swift in Sources */ = {isa = PBXBuildFile; fileRef = 3F64491F29BA72F500BDE579 /* ExerciseSelectionViewController.swift */; };
		3F64492229BA730800BDE579 /* ExerciseSelectionViewController.storyboard in Resources */ = {isa = PBXBuildFile; fileRef = 3F64492129BA730800BDE579 /* ExerciseSelectionViewController.storyboard */; };
		3F64492529BA732800BDE579 /* TrainingOverviewViewController.swift in Sources */ = {isa = PBXBuildFile; fileRef = 3F64492429BA732800BDE579 /* TrainingOverviewViewController.swift */; };
		3F64492729BA733300BDE579 /* TrainingOverviewViewController.storyboard in Resources */ = {isa = PBXBuildFile; fileRef = 3F64492629BA733300BDE579 /* TrainingOverviewViewController.storyboard */; };
		3F64492929BA734200BDE579 /* ExecutionTrainingViewController.swift in Sources */ = {isa = PBXBuildFile; fileRef = 3F64492829BA734200BDE579 /* ExecutionTrainingViewController.swift */; };
		3F64492B29BA734F00BDE579 /* ExecutionTrainingViewController.storyboard in Resources */ = {isa = PBXBuildFile; fileRef = 3F64492A29BA734F00BDE579 /* ExecutionTrainingViewController.storyboard */; };
		3F64492D29BA736500BDE579 /* DemonstrationExerciseViewController.swift in Sources */ = {isa = PBXBuildFile; fileRef = 3F64492C29BA736500BDE579 /* DemonstrationExerciseViewController.swift */; };
		3F64492F29BA736F00BDE579 /* DemonstrationExerciseViewController.storyboard in Resources */ = {isa = PBXBuildFile; fileRef = 3F64492E29BA736F00BDE579 /* DemonstrationExerciseViewController.storyboard */; };
		3F64493129BA737F00BDE579 /* CalendarViewController.swift in Sources */ = {isa = PBXBuildFile; fileRef = 3F64493029BA737F00BDE579 /* CalendarViewController.swift */; };
		3F64493329BA738800BDE579 /* CalendarViewController.storyboard in Resources */ = {isa = PBXBuildFile; fileRef = 3F64493229BA738800BDE579 /* CalendarViewController.storyboard */; };
		3F64493529BA739500BDE579 /* SettingsViewController.swift in Sources */ = {isa = PBXBuildFile; fileRef = 3F64493429BA739500BDE579 /* SettingsViewController.swift */; };
		3F64493729BA739F00BDE579 /* SettingsViewController.storyboard in Resources */ = {isa = PBXBuildFile; fileRef = 3F64493629BA739F00BDE579 /* SettingsViewController.storyboard */; };
		3F64493929BA73B600BDE579 /* DataChangeViewController.swift in Sources */ = {isa = PBXBuildFile; fileRef = 3F64493829BA73B600BDE579 /* DataChangeViewController.swift */; };
		3F64493B29BA73BE00BDE579 /* DataChangeViewController.storyboard in Resources */ = {isa = PBXBuildFile; fileRef = 3F64493A29BA73BE00BDE579 /* DataChangeViewController.storyboard */; };
		3F64493D29BA73CD00BDE579 /* ChangePasswordViewController.swift in Sources */ = {isa = PBXBuildFile; fileRef = 3F64493C29BA73CD00BDE579 /* ChangePasswordViewController.swift */; };
		3F64493F29BA73D500BDE579 /* ChangePasswordViewController.storyboard in Resources */ = {isa = PBXBuildFile; fileRef = 3F64493E29BA73D500BDE579 /* ChangePasswordViewController.storyboard */; };
		3F64494329BA7C9C00BDE579 /* TabBarControllerViewController.swift in Sources */ = {isa = PBXBuildFile; fileRef = 3F64494229BA7C9C00BDE579 /* TabBarControllerViewController.swift */; };
		3F64494529BA7CA800BDE579 /* TabBarControllerViewController.storyboard in Resources */ = {isa = PBXBuildFile; fileRef = 3F64494429BA7CA800BDE579 /* TabBarControllerViewController.storyboard */; };
		3FAFD71829CE188B002D9563 /* CustomExerciseSelectionCollectionViewCell.swift in Sources */ = {isa = PBXBuildFile; fileRef = 3FAFD71629CE188B002D9563 /* CustomExerciseSelectionCollectionViewCell.swift */; };
		3FAFD71929CE188B002D9563 /* CustomExerciseSelectionCollectionViewCell.xib in Resources */ = {isa = PBXBuildFile; fileRef = 3FAFD71729CE188B002D9563 /* CustomExerciseSelectionCollectionViewCell.xib */; };
		3FB6EEBC29CC786E00CE272A /* DataExerciseViewController.swift in Sources */ = {isa = PBXBuildFile; fileRef = 3FB6EEBB29CC786E00CE272A /* DataExerciseViewController.swift */; };
		3FB6EEBE29CC788F00CE272A /* DataExerciseViewController.storyboard in Resources */ = {isa = PBXBuildFile; fileRef = 3FB6EEBD29CC788F00CE272A /* DataExerciseViewController.storyboard */; };
		3FE59D1D29C74C27008F8632 /* CustomCreateTrainingCollectionViewCell.xib in Resources */ = {isa = PBXBuildFile; fileRef = 3FE59D1C29C74C27008F8632 /* CustomCreateTrainingCollectionViewCell.xib */; };
		B1086BF729C747E400EB8271 /* futur2.ttf in Resources */ = {isa = PBXBuildFile; fileRef = B1086BF629C747E400EB8271 /* futur2.ttf */; };
		B1BC56B729D2159300E2013A /* CollectionExecutionTainingViewCell.swift in Sources */ = {isa = PBXBuildFile; fileRef = B1BC56B529D2159200E2013A /* CollectionExecutionTainingViewCell.swift */; };
		B1BC56B829D2159300E2013A /* CollectionExecutionTainingViewCell.xib in Resources */ = {isa = PBXBuildFile; fileRef = B1BC56B629D2159200E2013A /* CollectionExecutionTainingViewCell.xib */; };
		CBE2F74429D0D53A0070A70F /* NameTrainingViewController.swift in Sources */ = {isa = PBXBuildFile; fileRef = CBE2F74329D0D53A0070A70F /* NameTrainingViewController.swift */; };
		CBE2F74629D0D54B0070A70F /* NameTrainingViewController.storyboard in Resources */ = {isa = PBXBuildFile; fileRef = CBE2F74529D0D54B0070A70F /* NameTrainingViewController.storyboard */; };
/* End PBXBuildFile section */

/* Begin PBXContainerItemProxy section */
		3F6448D129BA61F300BDE579 /* PBXContainerItemProxy */ = {
			isa = PBXContainerItemProxy;
			containerPortal = 3F6448AF29BA61F100BDE579 /* Project object */;
			proxyType = 1;
			remoteGlobalIDString = 3F6448B629BA61F100BDE579;
			remoteInfo = APPMeuTreino;
		};
		3F6448DB29BA61F300BDE579 /* PBXContainerItemProxy */ = {
			isa = PBXContainerItemProxy;
			containerPortal = 3F6448AF29BA61F100BDE579 /* Project object */;
			proxyType = 1;
			remoteGlobalIDString = 3F6448B629BA61F100BDE579;
			remoteInfo = APPMeuTreino;
		};
/* End PBXContainerItemProxy section */

/* Begin PBXFileReference section */
		38B8008929C9586B005F35AF /* TrainingCell.swift */ = {isa = PBXFileReference; lastKnownFileType = sourcecode.swift; path = TrainingCell.swift; sourceTree = "<group>"; };
		38B8008A29C9586B005F35AF /* TrainingCell.xib */ = {isa = PBXFileReference; lastKnownFileType = file.xib; path = TrainingCell.xib; sourceTree = "<group>"; };
		3F056A0629C74A8000BF1B41 /* CustomCreateTrainingCollectionViewCell.swift */ = {isa = PBXFileReference; fileEncoding = 4; lastKnownFileType = sourcecode.swift; name = CustomCreateTrainingCollectionViewCell.swift; path = APPMeuTreino/CreateTraining/Cell/CustomCreateTrainingCollectionViewCell.swift; sourceTree = SOURCE_ROOT; };
		3F6448B729BA61F100BDE579 /* APPMeuTreino.app */ = {isa = PBXFileReference; explicitFileType = wrapper.application; includeInIndex = 0; path = APPMeuTreino.app; sourceTree = BUILT_PRODUCTS_DIR; };
		3F6448BA29BA61F100BDE579 /* AppDelegate.swift */ = {isa = PBXFileReference; lastKnownFileType = sourcecode.swift; path = AppDelegate.swift; sourceTree = "<group>"; };
		3F6448BC29BA61F100BDE579 /* SceneDelegate.swift */ = {isa = PBXFileReference; lastKnownFileType = sourcecode.swift; path = SceneDelegate.swift; sourceTree = "<group>"; };
		3F6448BE29BA61F100BDE579 /* ViewController.swift */ = {isa = PBXFileReference; lastKnownFileType = sourcecode.swift; path = ViewController.swift; sourceTree = "<group>"; };
		3F6448C129BA61F100BDE579 /* Base */ = {isa = PBXFileReference; lastKnownFileType = file.storyboard; name = Base; path = Base.lproj/Main.storyboard; sourceTree = "<group>"; };
		3F6448C429BA61F100BDE579 /* APPMeuTreino.xcdatamodel */ = {isa = PBXFileReference; lastKnownFileType = wrapper.xcdatamodel; path = APPMeuTreino.xcdatamodel; sourceTree = "<group>"; };
		3F6448C629BA61F300BDE579 /* Assets.xcassets */ = {isa = PBXFileReference; lastKnownFileType = folder.assetcatalog; path = Assets.xcassets; sourceTree = "<group>"; };
		3F6448C929BA61F300BDE579 /* Base */ = {isa = PBXFileReference; lastKnownFileType = file.storyboard; name = Base; path = Base.lproj/LaunchScreen.storyboard; sourceTree = "<group>"; };
		3F6448CB29BA61F300BDE579 /* Info.plist */ = {isa = PBXFileReference; lastKnownFileType = text.plist.xml; path = Info.plist; sourceTree = "<group>"; };
		3F6448D029BA61F300BDE579 /* APPMeuTreinoTests.xctest */ = {isa = PBXFileReference; explicitFileType = wrapper.cfbundle; includeInIndex = 0; path = APPMeuTreinoTests.xctest; sourceTree = BUILT_PRODUCTS_DIR; };
		3F6448D429BA61F300BDE579 /* APPMeuTreinoTests.swift */ = {isa = PBXFileReference; lastKnownFileType = sourcecode.swift; path = APPMeuTreinoTests.swift; sourceTree = "<group>"; };
		3F6448DA29BA61F300BDE579 /* APPMeuTreinoUITests.xctest */ = {isa = PBXFileReference; explicitFileType = wrapper.cfbundle; includeInIndex = 0; path = APPMeuTreinoUITests.xctest; sourceTree = BUILT_PRODUCTS_DIR; };
		3F6448DE29BA61F300BDE579 /* APPMeuTreinoUITests.swift */ = {isa = PBXFileReference; lastKnownFileType = sourcecode.swift; path = APPMeuTreinoUITests.swift; sourceTree = "<group>"; };
		3F6448E029BA61F300BDE579 /* APPMeuTreinoUITestsLaunchTests.swift */ = {isa = PBXFileReference; lastKnownFileType = sourcecode.swift; path = APPMeuTreinoUITestsLaunchTests.swift; sourceTree = "<group>"; };
		3F64490629BA70E600BDE579 /* LoginViewController.swift */ = {isa = PBXFileReference; lastKnownFileType = sourcecode.swift; path = LoginViewController.swift; sourceTree = "<group>"; };
		3F64490829BA70F600BDE579 /* LoginViewController.storyboard */ = {isa = PBXFileReference; lastKnownFileType = file.storyboard; path = LoginViewController.storyboard; sourceTree = "<group>"; };
		3F64490A29BA710A00BDE579 /* ForgotPasswordViewController.swift */ = {isa = PBXFileReference; lastKnownFileType = sourcecode.swift; path = ForgotPasswordViewController.swift; sourceTree = "<group>"; };
		3F64490C29BA711B00BDE579 /* ForgotPasswordViewController.storyboard */ = {isa = PBXFileReference; lastKnownFileType = file.storyboard; path = ForgotPasswordViewController.storyboard; sourceTree = "<group>"; };
		3F64490E29BA714400BDE579 /* RegisterViewController.swift */ = {isa = PBXFileReference; lastKnownFileType = sourcecode.swift; path = RegisterViewController.swift; sourceTree = "<group>"; };
		3F64491029BA714D00BDE579 /* RegisterViewController.storyboard */ = {isa = PBXFileReference; lastKnownFileType = file.storyboard; path = RegisterViewController.storyboard; sourceTree = "<group>"; };
		3F64491229BA715B00BDE579 /* HomeViewController.swift */ = {isa = PBXFileReference; lastKnownFileType = sourcecode.swift; path = HomeViewController.swift; sourceTree = "<group>"; };
		3F64491429BA717000BDE579 /* HomeViewController.storyboard */ = {isa = PBXFileReference; lastKnownFileType = file.storyboard; path = HomeViewController.storyboard; sourceTree = "<group>"; };
		3F64491729BA71B400BDE579 /* CreateTrainingViewController.swift */ = {isa = PBXFileReference; lastKnownFileType = sourcecode.swift; path = CreateTrainingViewController.swift; sourceTree = "<group>"; };
		3F64491929BA71C000BDE579 /* CreateTrainingViewController.storyboard */ = {isa = PBXFileReference; lastKnownFileType = file.storyboard; path = CreateTrainingViewController.storyboard; sourceTree = "<group>"; };
		3F64491F29BA72F500BDE579 /* ExerciseSelectionViewController.swift */ = {isa = PBXFileReference; lastKnownFileType = sourcecode.swift; path = ExerciseSelectionViewController.swift; sourceTree = "<group>"; };
		3F64492129BA730800BDE579 /* ExerciseSelectionViewController.storyboard */ = {isa = PBXFileReference; lastKnownFileType = file.storyboard; path = ExerciseSelectionViewController.storyboard; sourceTree = "<group>"; };
		3F64492429BA732800BDE579 /* TrainingOverviewViewController.swift */ = {isa = PBXFileReference; lastKnownFileType = sourcecode.swift; path = TrainingOverviewViewController.swift; sourceTree = "<group>"; };
		3F64492629BA733300BDE579 /* TrainingOverviewViewController.storyboard */ = {isa = PBXFileReference; lastKnownFileType = file.storyboard; path = TrainingOverviewViewController.storyboard; sourceTree = "<group>"; };
		3F64492829BA734200BDE579 /* ExecutionTrainingViewController.swift */ = {isa = PBXFileReference; lastKnownFileType = sourcecode.swift; path = ExecutionTrainingViewController.swift; sourceTree = "<group>"; };
		3F64492A29BA734F00BDE579 /* ExecutionTrainingViewController.storyboard */ = {isa = PBXFileReference; lastKnownFileType = file.storyboard; path = ExecutionTrainingViewController.storyboard; sourceTree = "<group>"; };
		3F64492C29BA736500BDE579 /* DemonstrationExerciseViewController.swift */ = {isa = PBXFileReference; lastKnownFileType = sourcecode.swift; path = DemonstrationExerciseViewController.swift; sourceTree = "<group>"; };
		3F64492E29BA736F00BDE579 /* DemonstrationExerciseViewController.storyboard */ = {isa = PBXFileReference; lastKnownFileType = file.storyboard; path = DemonstrationExerciseViewController.storyboard; sourceTree = "<group>"; };
		3F64493029BA737F00BDE579 /* CalendarViewController.swift */ = {isa = PBXFileReference; lastKnownFileType = sourcecode.swift; path = CalendarViewController.swift; sourceTree = "<group>"; };
		3F64493229BA738800BDE579 /* CalendarViewController.storyboard */ = {isa = PBXFileReference; lastKnownFileType = file.storyboard; path = CalendarViewController.storyboard; sourceTree = "<group>"; };
		3F64493429BA739500BDE579 /* SettingsViewController.swift */ = {isa = PBXFileReference; lastKnownFileType = sourcecode.swift; path = SettingsViewController.swift; sourceTree = "<group>"; };
		3F64493629BA739F00BDE579 /* SettingsViewController.storyboard */ = {isa = PBXFileReference; lastKnownFileType = file.storyboard; path = SettingsViewController.storyboard; sourceTree = "<group>"; };
		3F64493829BA73B600BDE579 /* DataChangeViewController.swift */ = {isa = PBXFileReference; lastKnownFileType = sourcecode.swift; path = DataChangeViewController.swift; sourceTree = "<group>"; };
		3F64493A29BA73BE00BDE579 /* DataChangeViewController.storyboard */ = {isa = PBXFileReference; lastKnownFileType = file.storyboard; path = DataChangeViewController.storyboard; sourceTree = "<group>"; };
		3F64493C29BA73CD00BDE579 /* ChangePasswordViewController.swift */ = {isa = PBXFileReference; lastKnownFileType = sourcecode.swift; path = ChangePasswordViewController.swift; sourceTree = "<group>"; };
		3F64493E29BA73D500BDE579 /* ChangePasswordViewController.storyboard */ = {isa = PBXFileReference; lastKnownFileType = file.storyboard; path = ChangePasswordViewController.storyboard; sourceTree = "<group>"; };
		3F64494229BA7C9C00BDE579 /* TabBarControllerViewController.swift */ = {isa = PBXFileReference; lastKnownFileType = sourcecode.swift; path = TabBarControllerViewController.swift; sourceTree = "<group>"; };
		3F64494429BA7CA800BDE579 /* TabBarControllerViewController.storyboard */ = {isa = PBXFileReference; lastKnownFileType = file.storyboard; path = TabBarControllerViewController.storyboard; sourceTree = "<group>"; };
		3FAFD71629CE188B002D9563 /* CustomExerciseSelectionCollectionViewCell.swift */ = {isa = PBXFileReference; lastKnownFileType = sourcecode.swift; path = CustomExerciseSelectionCollectionViewCell.swift; sourceTree = "<group>"; };
		3FAFD71729CE188B002D9563 /* CustomExerciseSelectionCollectionViewCell.xib */ = {isa = PBXFileReference; lastKnownFileType = file.xib; path = CustomExerciseSelectionCollectionViewCell.xib; sourceTree = "<group>"; };
		3FB6EEBB29CC786E00CE272A /* DataExerciseViewController.swift */ = {isa = PBXFileReference; lastKnownFileType = sourcecode.swift; path = DataExerciseViewController.swift; sourceTree = "<group>"; };
		3FB6EEBD29CC788F00CE272A /* DataExerciseViewController.storyboard */ = {isa = PBXFileReference; lastKnownFileType = file.storyboard; path = DataExerciseViewController.storyboard; sourceTree = "<group>"; };
		3FE59D1C29C74C27008F8632 /* CustomCreateTrainingCollectionViewCell.xib */ = {isa = PBXFileReference; fileEncoding = 4; lastKnownFileType = file.xib; path = CustomCreateTrainingCollectionViewCell.xib; sourceTree = "<group>"; };
		B1086BF629C747E400EB8271 /* futur2.ttf */ = {isa = PBXFileReference; lastKnownFileType = file; path = futur2.ttf; sourceTree = "<group>"; };
		B1BC56B529D2159200E2013A /* CollectionExecutionTainingViewCell.swift */ = {isa = PBXFileReference; lastKnownFileType = sourcecode.swift; path = CollectionExecutionTainingViewCell.swift; sourceTree = "<group>"; };
		B1BC56B629D2159200E2013A /* CollectionExecutionTainingViewCell.xib */ = {isa = PBXFileReference; lastKnownFileType = file.xib; path = CollectionExecutionTainingViewCell.xib; sourceTree = "<group>"; };
		CBE2F74329D0D53A0070A70F /* NameTrainingViewController.swift */ = {isa = PBXFileReference; lastKnownFileType = sourcecode.swift; path = NameTrainingViewController.swift; sourceTree = "<group>"; };
		CBE2F74529D0D54B0070A70F /* NameTrainingViewController.storyboard */ = {isa = PBXFileReference; lastKnownFileType = file.storyboard; path = NameTrainingViewController.storyboard; sourceTree = "<group>"; };
/* End PBXFileReference section */

/* Begin PBXFrameworksBuildPhase section */
		3F6448B429BA61F100BDE579 /* Frameworks */ = {
			isa = PBXFrameworksBuildPhase;
			buildActionMask = 2147483647;
			files = (
			);
			runOnlyForDeploymentPostprocessing = 0;
		};
		3F6448CD29BA61F300BDE579 /* Frameworks */ = {
			isa = PBXFrameworksBuildPhase;
			buildActionMask = 2147483647;
			files = (
			);
			runOnlyForDeploymentPostprocessing = 0;
		};
		3F6448D729BA61F300BDE579 /* Frameworks */ = {
			isa = PBXFrameworksBuildPhase;
			buildActionMask = 2147483647;
			files = (
			);
			runOnlyForDeploymentPostprocessing = 0;
		};
/* End PBXFrameworksBuildPhase section */

/* Begin PBXGroup section */
		38B8008429C9430E005F35AF /* Cells */ = {
			isa = PBXGroup;
			children = (
				38B8008929C9586B005F35AF /* TrainingCell.swift */,
				38B8008A29C9586B005F35AF /* TrainingCell.xib */,
			);
			path = Cells;
			sourceTree = "<group>";
		};
		3F056A0A29C74BD400BF1B41 /* Cell */ = {
			isa = PBXGroup;
			children = (
				3F056A0629C74A8000BF1B41 /* CustomCreateTrainingCollectionViewCell.swift */,
				3FE59D1C29C74C27008F8632 /* CustomCreateTrainingCollectionViewCell.xib */,
			);
			path = Cell;
			sourceTree = "<group>";
		};
		3F6448AE29BA61F100BDE579 = {
			isa = PBXGroup;
			children = (
				3F6448B929BA61F100BDE579 /* APPMeuTreino */,
				3F6448D329BA61F300BDE579 /* APPMeuTreinoTests */,
				3F6448DD29BA61F300BDE579 /* APPMeuTreinoUITests */,
				3F6448B829BA61F100BDE579 /* Products */,
			);
			sourceTree = "<group>";
		};
		3F6448B829BA61F100BDE579 /* Products */ = {
			isa = PBXGroup;
			children = (
				3F6448B729BA61F100BDE579 /* APPMeuTreino.app */,
				3F6448D029BA61F300BDE579 /* APPMeuTreinoTests.xctest */,
				3F6448DA29BA61F300BDE579 /* APPMeuTreinoUITests.xctest */,
			);
			name = Products;
			sourceTree = "<group>";
		};
		3F6448B929BA61F100BDE579 /* APPMeuTreino */ = {
			isa = PBXGroup;
			children = (
				B1086BF629C747E400EB8271 /* futur2.ttf */,
				3F6448BA29BA61F100BDE579 /* AppDelegate.swift */,
				3F6448BC29BA61F100BDE579 /* SceneDelegate.swift */,
				3F6448ED29BA65AA00BDE579 /* Login */,
				3F6448F229BA681F00BDE579 /* Desativado (Login) */,
				3F6448F329BA686200BDE579 /* ForgotPassword */,
				3F6448F429BA68EC00BDE579 /* Register */,
				3F6448F529BA690900BDE579 /* Home */,
				3F6448F629BA692E00BDE579 /* CreateTraining */,
				3F6448FB29BA6B8F00BDE579 /* ExerciseSelection */,
				3F6448FC29BA6C2C00BDE579 /* TrainingOverview */,
				3F6448FD29BA6E5C00BDE579 /* ExecutionTraining */,
				3F6448FE29BA6EF700BDE579 /* DemonstrationExercise */,
				3F6448FF29BA6F3500BDE579 /* Calendar */,
				3F64490329BA6FAD00BDE579 /* Settings */,
				3F64490429BA6FC500BDE579 /* DataChange */,
				3F64490529BA708100BDE579 /* ChangePassword */,
				3F64494129BA7C6000BDE579 /* TabBarController */,
				3F6448C629BA61F300BDE579 /* Assets.xcassets */,
				3F6448C829BA61F300BDE579 /* LaunchScreen.storyboard */,
				3F6448CB29BA61F300BDE579 /* Info.plist */,
				3F6448C329BA61F100BDE579 /* APPMeuTreino.xcdatamodeld */,
			);
			path = APPMeuTreino;
			sourceTree = "<group>";
		};
		3F6448D329BA61F300BDE579 /* APPMeuTreinoTests */ = {
			isa = PBXGroup;
			children = (
				3F6448D429BA61F300BDE579 /* APPMeuTreinoTests.swift */,
			);
			path = APPMeuTreinoTests;
			sourceTree = "<group>";
		};
		3F6448DD29BA61F300BDE579 /* APPMeuTreinoUITests */ = {
			isa = PBXGroup;
			children = (
				3F6448DE29BA61F300BDE579 /* APPMeuTreinoUITests.swift */,
				3F6448E029BA61F300BDE579 /* APPMeuTreinoUITestsLaunchTests.swift */,
			);
			path = APPMeuTreinoUITests;
			sourceTree = "<group>";
		};
		3F6448ED29BA65AA00BDE579 /* Login */ = {
			isa = PBXGroup;
			children = (
				3F6448BE29BA61F100BDE579 /* ViewController.swift */,
				3F6448C029BA61F100BDE579 /* Main.storyboard */,
			);
			path = Login;
			sourceTree = "<group>";
		};
		3F6448F229BA681F00BDE579 /* Desativado (Login) */ = {
			isa = PBXGroup;
			children = (
				3F64490629BA70E600BDE579 /* LoginViewController.swift */,
				3F64490829BA70F600BDE579 /* LoginViewController.storyboard */,
			);
			path = "Desativado (Login)";
			sourceTree = "<group>";
		};
		3F6448F329BA686200BDE579 /* ForgotPassword */ = {
			isa = PBXGroup;
			children = (
				3F64490A29BA710A00BDE579 /* ForgotPasswordViewController.swift */,
				3F64490C29BA711B00BDE579 /* ForgotPasswordViewController.storyboard */,
			);
			path = ForgotPassword;
			sourceTree = "<group>";
		};
		3F6448F429BA68EC00BDE579 /* Register */ = {
			isa = PBXGroup;
			children = (
				3F64490E29BA714400BDE579 /* RegisterViewController.swift */,
				3F64491029BA714D00BDE579 /* RegisterViewController.storyboard */,
			);
			path = Register;
			sourceTree = "<group>";
		};
		3F6448F529BA690900BDE579 /* Home */ = {
			isa = PBXGroup;
			children = (
				CBD70DC829D0C52C00C5F1D2 /* NameTrainingCollectionView */,
				3F64491229BA715B00BDE579 /* HomeViewController.swift */,
				3F64491429BA717000BDE579 /* HomeViewController.storyboard */,
			);
			path = Home;
			sourceTree = "<group>";
		};
		3F6448F629BA692E00BDE579 /* CreateTraining */ = {
			isa = PBXGroup;
			children = (
				3F056A0A29C74BD400BF1B41 /* Cell */,
				3F64491729BA71B400BDE579 /* CreateTrainingViewController.swift */,
				3F64491929BA71C000BDE579 /* CreateTrainingViewController.storyboard */,
			);
			path = CreateTraining;
			sourceTree = "<group>";
		};
		3F6448FB29BA6B8F00BDE579 /* ExerciseSelection */ = {
			isa = PBXGroup;
			children = (
				3FB6EEBA29CC77D100CE272A /* DataExerciseCollection */,
				3FE59D1E29C7A824008F8632 /* Cell */,
				3F64491F29BA72F500BDE579 /* ExerciseSelectionViewController.swift */,
				3F64492129BA730800BDE579 /* ExerciseSelectionViewController.storyboard */,
			);
			path = ExerciseSelection;
			sourceTree = "<group>";
		};
		3F6448FC29BA6C2C00BDE579 /* TrainingOverview */ = {
			isa = PBXGroup;
			children = (
				38B8008429C9430E005F35AF /* Cells */,
				3F64492429BA732800BDE579 /* TrainingOverviewViewController.swift */,
				3F64492629BA733300BDE579 /* TrainingOverviewViewController.storyboard */,
			);
			path = TrainingOverview;
			sourceTree = "<group>";
		};
		3F6448FD29BA6E5C00BDE579 /* ExecutionTraining */ = {
			isa = PBXGroup;
			children = (
				B1BC56B429D2155600E2013A /* ExecutionTrainingCell */,
				3F64492829BA734200BDE579 /* ExecutionTrainingViewController.swift */,
				3F64492A29BA734F00BDE579 /* ExecutionTrainingViewController.storyboard */,
			);
			path = ExecutionTraining;
			sourceTree = "<group>";
		};
		3F6448FE29BA6EF700BDE579 /* DemonstrationExercise */ = {
			isa = PBXGroup;
			children = (
				3F64492C29BA736500BDE579 /* DemonstrationExerciseViewController.swift */,
				3F64492E29BA736F00BDE579 /* DemonstrationExerciseViewController.storyboard */,
			);
			path = DemonstrationExercise;
			sourceTree = "<group>";
		};
		3F6448FF29BA6F3500BDE579 /* Calendar */ = {
			isa = PBXGroup;
			children = (
				3F64493029BA737F00BDE579 /* CalendarViewController.swift */,
				3F64493229BA738800BDE579 /* CalendarViewController.storyboard */,
			);
			path = Calendar;
			sourceTree = "<group>";
		};
		3F64490329BA6FAD00BDE579 /* Settings */ = {
			isa = PBXGroup;
			children = (
				3F64493429BA739500BDE579 /* SettingsViewController.swift */,
				3F64493629BA739F00BDE579 /* SettingsViewController.storyboard */,
			);
			path = Settings;
			sourceTree = "<group>";
		};
		3F64490429BA6FC500BDE579 /* DataChange */ = {
			isa = PBXGroup;
			children = (
				3F64493829BA73B600BDE579 /* DataChangeViewController.swift */,
				3F64493A29BA73BE00BDE579 /* DataChangeViewController.storyboard */,
			);
			path = DataChange;
			sourceTree = "<group>";
		};
		3F64490529BA708100BDE579 /* ChangePassword */ = {
			isa = PBXGroup;
			children = (
				3F64493C29BA73CD00BDE579 /* ChangePasswordViewController.swift */,
				3F64493E29BA73D500BDE579 /* ChangePasswordViewController.storyboard */,
			);
			path = ChangePassword;
			sourceTree = "<group>";
		};
		3F64494129BA7C6000BDE579 /* TabBarController */ = {
			isa = PBXGroup;
			children = (
				3F64494229BA7C9C00BDE579 /* TabBarControllerViewController.swift */,
				3F64494429BA7CA800BDE579 /* TabBarControllerViewController.storyboard */,
			);
			path = TabBarController;
			sourceTree = "<group>";
		};
		3FB6EEBA29CC77D100CE272A /* DataExerciseCollection */ = {
			isa = PBXGroup;
			children = (
				3FB6EEBB29CC786E00CE272A /* DataExerciseViewController.swift */,
				3FB6EEBD29CC788F00CE272A /* DataExerciseViewController.storyboard */,
			);
			name = DataExerciseCollection;
			sourceTree = "<group>";
		};
		3FE59D1E29C7A824008F8632 /* Cell */ = {
			isa = PBXGroup;
			children = (
				3FAFD71629CE188B002D9563 /* CustomExerciseSelectionCollectionViewCell.swift */,
				3FAFD71729CE188B002D9563 /* CustomExerciseSelectionCollectionViewCell.xib */,
			);
			path = Cell;
			sourceTree = "<group>";
		};
		B1BC56B429D2155600E2013A /* ExecutionTrainingCell */ = {
			isa = PBXGroup;
			children = (
				B1BC56B529D2159200E2013A /* CollectionExecutionTainingViewCell.swift */,
				B1BC56B629D2159200E2013A /* CollectionExecutionTainingViewCell.xib */,
			);
			path = ExecutionTrainingCell;
			sourceTree = "<group>";
		};
		CBD70DC829D0C52C00C5F1D2 /* NameTrainingCollectionView */ = {
			isa = PBXGroup;
			children = (
				CBE2F74329D0D53A0070A70F /* NameTrainingViewController.swift */,
				CBE2F74529D0D54B0070A70F /* NameTrainingViewController.storyboard */,
			);
			path = NameTrainingCollectionView;
			sourceTree = "<group>";
		};
/* End PBXGroup section */

/* Begin PBXNativeTarget section */
		3F6448B629BA61F100BDE579 /* APPMeuTreino */ = {
			isa = PBXNativeTarget;
			buildConfigurationList = 3F6448E429BA61F300BDE579 /* Build configuration list for PBXNativeTarget "APPMeuTreino" */;
			buildPhases = (
				3F6448B329BA61F100BDE579 /* Sources */,
				3F6448B429BA61F100BDE579 /* Frameworks */,
				3F6448B529BA61F100BDE579 /* Resources */,
			);
			buildRules = (
			);
			dependencies = (
			);
			name = APPMeuTreino;
			productName = APPMeuTreino;
			productReference = 3F6448B729BA61F100BDE579 /* APPMeuTreino.app */;
			productType = "com.apple.product-type.application";
		};
		3F6448CF29BA61F300BDE579 /* APPMeuTreinoTests */ = {
			isa = PBXNativeTarget;
			buildConfigurationList = 3F6448E729BA61F300BDE579 /* Build configuration list for PBXNativeTarget "APPMeuTreinoTests" */;
			buildPhases = (
				3F6448CC29BA61F300BDE579 /* Sources */,
				3F6448CD29BA61F300BDE579 /* Frameworks */,
				3F6448CE29BA61F300BDE579 /* Resources */,
			);
			buildRules = (
			);
			dependencies = (
				3F6448D229BA61F300BDE579 /* PBXTargetDependency */,
			);
			name = APPMeuTreinoTests;
			productName = APPMeuTreinoTests;
			productReference = 3F6448D029BA61F300BDE579 /* APPMeuTreinoTests.xctest */;
			productType = "com.apple.product-type.bundle.unit-test";
		};
		3F6448D929BA61F300BDE579 /* APPMeuTreinoUITests */ = {
			isa = PBXNativeTarget;
			buildConfigurationList = 3F6448EA29BA61F300BDE579 /* Build configuration list for PBXNativeTarget "APPMeuTreinoUITests" */;
			buildPhases = (
				3F6448D629BA61F300BDE579 /* Sources */,
				3F6448D729BA61F300BDE579 /* Frameworks */,
				3F6448D829BA61F300BDE579 /* Resources */,
			);
			buildRules = (
			);
			dependencies = (
				3F6448DC29BA61F300BDE579 /* PBXTargetDependency */,
			);
			name = APPMeuTreinoUITests;
			productName = APPMeuTreinoUITests;
			productReference = 3F6448DA29BA61F300BDE579 /* APPMeuTreinoUITests.xctest */;
			productType = "com.apple.product-type.bundle.ui-testing";
		};
/* End PBXNativeTarget section */

/* Begin PBXProject section */
		3F6448AF29BA61F100BDE579 /* Project object */ = {
			isa = PBXProject;
			attributes = {
				BuildIndependentTargetsInParallel = 1;
				LastSwiftUpdateCheck = 1420;
				LastUpgradeCheck = 1420;
				TargetAttributes = {
					3F6448B629BA61F100BDE579 = {
						CreatedOnToolsVersion = 14.2;
					};
					3F6448CF29BA61F300BDE579 = {
						CreatedOnToolsVersion = 14.2;
						TestTargetID = 3F6448B629BA61F100BDE579;
					};
					3F6448D929BA61F300BDE579 = {
						CreatedOnToolsVersion = 14.2;
						TestTargetID = 3F6448B629BA61F100BDE579;
					};
				};
			};
			buildConfigurationList = 3F6448B229BA61F100BDE579 /* Build configuration list for PBXProject "APPMeuTreino" */;
			compatibilityVersion = "Xcode 14.0";
			developmentRegion = en;
			hasScannedForEncodings = 0;
			knownRegions = (
				en,
				Base,
			);
			mainGroup = 3F6448AE29BA61F100BDE579;
			productRefGroup = 3F6448B829BA61F100BDE579 /* Products */;
			projectDirPath = "";
			projectRoot = "";
			targets = (
				3F6448B629BA61F100BDE579 /* APPMeuTreino */,
				3F6448CF29BA61F300BDE579 /* APPMeuTreinoTests */,
				3F6448D929BA61F300BDE579 /* APPMeuTreinoUITests */,
			);
		};
/* End PBXProject section */

/* Begin PBXResourcesBuildPhase section */
		3F6448B529BA61F100BDE579 /* Resources */ = {
			isa = PBXResourcesBuildPhase;
			buildActionMask = 2147483647;
			files = (
				3FE59D1D29C74C27008F8632 /* CustomCreateTrainingCollectionViewCell.xib in Resources */,
				3F64491129BA714D00BDE579 /* RegisterViewController.storyboard in Resources */,
				3F64493B29BA73BE00BDE579 /* DataChangeViewController.storyboard in Resources */,
				3FAFD71929CE188B002D9563 /* CustomExerciseSelectionCollectionViewCell.xib in Resources */,
				3F64492F29BA736F00BDE579 /* DemonstrationExerciseViewController.storyboard in Resources */,
				3F6448CA29BA61F300BDE579 /* LaunchScreen.storyboard in Resources */,
				CBE2F74629D0D54B0070A70F /* NameTrainingViewController.storyboard in Resources */,
				B1086BF729C747E400EB8271 /* futur2.ttf in Resources */,
				3F64491529BA717000BDE579 /* HomeViewController.storyboard in Resources */,
				3F64490929BA70F600BDE579 /* LoginViewController.storyboard in Resources */,
				3F64492B29BA734F00BDE579 /* ExecutionTrainingViewController.storyboard in Resources */,
				38B8008C29C9586B005F35AF /* TrainingCell.xib in Resources */,
				B1BC56B829D2159300E2013A /* CollectionExecutionTainingViewCell.xib in Resources */,
				3F64493F29BA73D500BDE579 /* ChangePasswordViewController.storyboard in Resources */,
				3F64492229BA730800BDE579 /* ExerciseSelectionViewController.storyboard in Resources */,
				3FB6EEBE29CC788F00CE272A /* DataExerciseViewController.storyboard in Resources */,
				3F64493729BA739F00BDE579 /* SettingsViewController.storyboard in Resources */,
				3F64490D29BA711B00BDE579 /* ForgotPasswordViewController.storyboard in Resources */,
				3F64494529BA7CA800BDE579 /* TabBarControllerViewController.storyboard in Resources */,
				3F64492729BA733300BDE579 /* TrainingOverviewViewController.storyboard in Resources */,
				3F64491A29BA71C000BDE579 /* CreateTrainingViewController.storyboard in Resources */,
				3F64493329BA738800BDE579 /* CalendarViewController.storyboard in Resources */,
				3F6448C729BA61F300BDE579 /* Assets.xcassets in Resources */,
				3F6448C229BA61F100BDE579 /* Main.storyboard in Resources */,
			);
			runOnlyForDeploymentPostprocessing = 0;
		};
		3F6448CE29BA61F300BDE579 /* Resources */ = {
			isa = PBXResourcesBuildPhase;
			buildActionMask = 2147483647;
			files = (
			);
			runOnlyForDeploymentPostprocessing = 0;
		};
		3F6448D829BA61F300BDE579 /* Resources */ = {
			isa = PBXResourcesBuildPhase;
			buildActionMask = 2147483647;
			files = (
			);
			runOnlyForDeploymentPostprocessing = 0;
		};
/* End PBXResourcesBuildPhase section */

/* Begin PBXSourcesBuildPhase section */
		3F6448B329BA61F100BDE579 /* Sources */ = {
			isa = PBXSourcesBuildPhase;
			buildActionMask = 2147483647;
			files = (
				B1BC56B729D2159300E2013A /* CollectionExecutionTainingViewCell.swift in Sources */,
				3F64493129BA737F00BDE579 /* CalendarViewController.swift in Sources */,
				38B8008B29C9586B005F35AF /* TrainingCell.swift in Sources */,
				3F64492D29BA736500BDE579 /* DemonstrationExerciseViewController.swift in Sources */,
				3F64493929BA73B600BDE579 /* DataChangeViewController.swift in Sources */,
				3F64493D29BA73CD00BDE579 /* ChangePasswordViewController.swift in Sources */,
				3F64492529BA732800BDE579 /* TrainingOverviewViewController.swift in Sources */,
				3F6448BF29BA61F100BDE579 /* ViewController.swift in Sources */,
				3F64492029BA72F500BDE579 /* ExerciseSelectionViewController.swift in Sources */,
				3FB6EEBC29CC786E00CE272A /* DataExerciseViewController.swift in Sources */,
				CBE2F74429D0D53A0070A70F /* NameTrainingViewController.swift in Sources */,
				3F6448BB29BA61F100BDE579 /* AppDelegate.swift in Sources */,
				3F64494329BA7C9C00BDE579 /* TabBarControllerViewController.swift in Sources */,
				3FAFD71829CE188B002D9563 /* CustomExerciseSelectionCollectionViewCell.swift in Sources */,
				3F64493529BA739500BDE579 /* SettingsViewController.swift in Sources */,
				3F056A0729C74A8000BF1B41 /* CustomCreateTrainingCollectionViewCell.swift in Sources */,
				3F64491829BA71B400BDE579 /* CreateTrainingViewController.swift in Sources */,
				3F64490F29BA714400BDE579 /* RegisterViewController.swift in Sources */,
				3F64491329BA715B00BDE579 /* HomeViewController.swift in Sources */,
				3F64490B29BA710A00BDE579 /* ForgotPasswordViewController.swift in Sources */,
				3F6448C529BA61F100BDE579 /* APPMeuTreino.xcdatamodeld in Sources */,
				3F64490729BA70E600BDE579 /* LoginViewController.swift in Sources */,
				3F64492929BA734200BDE579 /* ExecutionTrainingViewController.swift in Sources */,
				3F6448BD29BA61F100BDE579 /* SceneDelegate.swift in Sources */,
			);
			runOnlyForDeploymentPostprocessing = 0;
		};
		3F6448CC29BA61F300BDE579 /* Sources */ = {
			isa = PBXSourcesBuildPhase;
			buildActionMask = 2147483647;
			files = (
				3F6448D529BA61F300BDE579 /* APPMeuTreinoTests.swift in Sources */,
			);
			runOnlyForDeploymentPostprocessing = 0;
		};
		3F6448D629BA61F300BDE579 /* Sources */ = {
			isa = PBXSourcesBuildPhase;
			buildActionMask = 2147483647;
			files = (
				3F6448DF29BA61F300BDE579 /* APPMeuTreinoUITests.swift in Sources */,
				3F6448E129BA61F300BDE579 /* APPMeuTreinoUITestsLaunchTests.swift in Sources */,
			);
			runOnlyForDeploymentPostprocessing = 0;
		};
/* End PBXSourcesBuildPhase section */

/* Begin PBXTargetDependency section */
		3F6448D229BA61F300BDE579 /* PBXTargetDependency */ = {
			isa = PBXTargetDependency;
			target = 3F6448B629BA61F100BDE579 /* APPMeuTreino */;
			targetProxy = 3F6448D129BA61F300BDE579 /* PBXContainerItemProxy */;
		};
		3F6448DC29BA61F300BDE579 /* PBXTargetDependency */ = {
			isa = PBXTargetDependency;
			target = 3F6448B629BA61F100BDE579 /* APPMeuTreino */;
			targetProxy = 3F6448DB29BA61F300BDE579 /* PBXContainerItemProxy */;
		};
/* End PBXTargetDependency section */

/* Begin PBXVariantGroup section */
		3F6448C029BA61F100BDE579 /* Main.storyboard */ = {
			isa = PBXVariantGroup;
			children = (
				3F6448C129BA61F100BDE579 /* Base */,
			);
			name = Main.storyboard;
			sourceTree = "<group>";
		};
		3F6448C829BA61F300BDE579 /* LaunchScreen.storyboard */ = {
			isa = PBXVariantGroup;
			children = (
				3F6448C929BA61F300BDE579 /* Base */,
			);
			name = LaunchScreen.storyboard;
			sourceTree = "<group>";
		};
/* End PBXVariantGroup section */

/* Begin XCBuildConfiguration section */
		3F6448E229BA61F300BDE579 /* Debug */ = {
			isa = XCBuildConfiguration;
			buildSettings = {
				ALWAYS_SEARCH_USER_PATHS = NO;
				CLANG_ANALYZER_NONNULL = YES;
				CLANG_ANALYZER_NUMBER_OBJECT_CONVERSION = YES_AGGRESSIVE;
				CLANG_CXX_LANGUAGE_STANDARD = "gnu++20";
				CLANG_ENABLE_MODULES = YES;
				CLANG_ENABLE_OBJC_ARC = YES;
				CLANG_ENABLE_OBJC_WEAK = YES;
				CLANG_WARN_BLOCK_CAPTURE_AUTORELEASING = YES;
				CLANG_WARN_BOOL_CONVERSION = YES;
				CLANG_WARN_COMMA = YES;
				CLANG_WARN_CONSTANT_CONVERSION = YES;
				CLANG_WARN_DEPRECATED_OBJC_IMPLEMENTATIONS = YES;
				CLANG_WARN_DIRECT_OBJC_ISA_USAGE = YES_ERROR;
				CLANG_WARN_DOCUMENTATION_COMMENTS = YES;
				CLANG_WARN_EMPTY_BODY = YES;
				CLANG_WARN_ENUM_CONVERSION = YES;
				CLANG_WARN_INFINITE_RECURSION = YES;
				CLANG_WARN_INT_CONVERSION = YES;
				CLANG_WARN_NON_LITERAL_NULL_CONVERSION = YES;
				CLANG_WARN_OBJC_IMPLICIT_RETAIN_SELF = YES;
				CLANG_WARN_OBJC_LITERAL_CONVERSION = YES;
				CLANG_WARN_OBJC_ROOT_CLASS = YES_ERROR;
				CLANG_WARN_QUOTED_INCLUDE_IN_FRAMEWORK_HEADER = YES;
				CLANG_WARN_RANGE_LOOP_ANALYSIS = YES;
				CLANG_WARN_STRICT_PROTOTYPES = YES;
				CLANG_WARN_SUSPICIOUS_MOVE = YES;
				CLANG_WARN_UNGUARDED_AVAILABILITY = YES_AGGRESSIVE;
				CLANG_WARN_UNREACHABLE_CODE = YES;
				CLANG_WARN__DUPLICATE_METHOD_MATCH = YES;
				COPY_PHASE_STRIP = NO;
				DEBUG_INFORMATION_FORMAT = dwarf;
				ENABLE_STRICT_OBJC_MSGSEND = YES;
				ENABLE_TESTABILITY = YES;
				GCC_C_LANGUAGE_STANDARD = gnu11;
				GCC_DYNAMIC_NO_PIC = NO;
				GCC_NO_COMMON_BLOCKS = YES;
				GCC_OPTIMIZATION_LEVEL = 0;
				GCC_PREPROCESSOR_DEFINITIONS = (
					"DEBUG=1",
					"$(inherited)",
				);
				GCC_WARN_64_TO_32_BIT_CONVERSION = YES;
				GCC_WARN_ABOUT_RETURN_TYPE = YES_ERROR;
				GCC_WARN_UNDECLARED_SELECTOR = YES;
				GCC_WARN_UNINITIALIZED_AUTOS = YES_AGGRESSIVE;
				GCC_WARN_UNUSED_FUNCTION = YES;
				GCC_WARN_UNUSED_VARIABLE = YES;
				IPHONEOS_DEPLOYMENT_TARGET = 16.2;
				MTL_ENABLE_DEBUG_INFO = INCLUDE_SOURCE;
				MTL_FAST_MATH = YES;
				ONLY_ACTIVE_ARCH = YES;
				SDKROOT = iphoneos;
				SWIFT_ACTIVE_COMPILATION_CONDITIONS = DEBUG;
				SWIFT_OPTIMIZATION_LEVEL = "-Onone";
			};
			name = Debug;
		};
		3F6448E329BA61F300BDE579 /* Release */ = {
			isa = XCBuildConfiguration;
			buildSettings = {
				ALWAYS_SEARCH_USER_PATHS = NO;
				CLANG_ANALYZER_NONNULL = YES;
				CLANG_ANALYZER_NUMBER_OBJECT_CONVERSION = YES_AGGRESSIVE;
				CLANG_CXX_LANGUAGE_STANDARD = "gnu++20";
				CLANG_ENABLE_MODULES = YES;
				CLANG_ENABLE_OBJC_ARC = YES;
				CLANG_ENABLE_OBJC_WEAK = YES;
				CLANG_WARN_BLOCK_CAPTURE_AUTORELEASING = YES;
				CLANG_WARN_BOOL_CONVERSION = YES;
				CLANG_WARN_COMMA = YES;
				CLANG_WARN_CONSTANT_CONVERSION = YES;
				CLANG_WARN_DEPRECATED_OBJC_IMPLEMENTATIONS = YES;
				CLANG_WARN_DIRECT_OBJC_ISA_USAGE = YES_ERROR;
				CLANG_WARN_DOCUMENTATION_COMMENTS = YES;
				CLANG_WARN_EMPTY_BODY = YES;
				CLANG_WARN_ENUM_CONVERSION = YES;
				CLANG_WARN_INFINITE_RECURSION = YES;
				CLANG_WARN_INT_CONVERSION = YES;
				CLANG_WARN_NON_LITERAL_NULL_CONVERSION = YES;
				CLANG_WARN_OBJC_IMPLICIT_RETAIN_SELF = YES;
				CLANG_WARN_OBJC_LITERAL_CONVERSION = YES;
				CLANG_WARN_OBJC_ROOT_CLASS = YES_ERROR;
				CLANG_WARN_QUOTED_INCLUDE_IN_FRAMEWORK_HEADER = YES;
				CLANG_WARN_RANGE_LOOP_ANALYSIS = YES;
				CLANG_WARN_STRICT_PROTOTYPES = YES;
				CLANG_WARN_SUSPICIOUS_MOVE = YES;
				CLANG_WARN_UNGUARDED_AVAILABILITY = YES_AGGRESSIVE;
				CLANG_WARN_UNREACHABLE_CODE = YES;
				CLANG_WARN__DUPLICATE_METHOD_MATCH = YES;
				COPY_PHASE_STRIP = NO;
				DEBUG_INFORMATION_FORMAT = "dwarf-with-dsym";
				ENABLE_NS_ASSERTIONS = NO;
				ENABLE_STRICT_OBJC_MSGSEND = YES;
				GCC_C_LANGUAGE_STANDARD = gnu11;
				GCC_NO_COMMON_BLOCKS = YES;
				GCC_WARN_64_TO_32_BIT_CONVERSION = YES;
				GCC_WARN_ABOUT_RETURN_TYPE = YES_ERROR;
				GCC_WARN_UNDECLARED_SELECTOR = YES;
				GCC_WARN_UNINITIALIZED_AUTOS = YES_AGGRESSIVE;
				GCC_WARN_UNUSED_FUNCTION = YES;
				GCC_WARN_UNUSED_VARIABLE = YES;
				IPHONEOS_DEPLOYMENT_TARGET = 16.2;
				MTL_ENABLE_DEBUG_INFO = NO;
				MTL_FAST_MATH = YES;
				SDKROOT = iphoneos;
				SWIFT_COMPILATION_MODE = wholemodule;
				SWIFT_OPTIMIZATION_LEVEL = "-O";
				VALIDATE_PRODUCT = YES;
			};
			name = Release;
		};
		3F6448E529BA61F300BDE579 /* Debug */ = {
			isa = XCBuildConfiguration;
			buildSettings = {
				ASSETCATALOG_COMPILER_APPICON_NAME = AppIcon;
				ASSETCATALOG_COMPILER_GLOBAL_ACCENT_COLOR_NAME = AccentColor;
				CODE_SIGN_STYLE = Automatic;
				CURRENT_PROJECT_VERSION = 1;
				DEVELOPMENT_TEAM = ZJ6WN3W475;
				GENERATE_INFOPLIST_FILE = YES;
				INFOPLIST_FILE = APPMeuTreino/Info.plist;
				INFOPLIST_KEY_CFBundleDisplayName = "Meu Treino";
				INFOPLIST_KEY_NSCameraUsageDescription = "Por favor, autorize o acesso à câmera para trocar a foto de perfil.";
				INFOPLIST_KEY_UIApplicationSupportsIndirectInputEvents = YES;
				INFOPLIST_KEY_UILaunchStoryboardName = LaunchScreen;
				INFOPLIST_KEY_UIMainStoryboardFile = Main;
				INFOPLIST_KEY_UISupportedInterfaceOrientations_iPad = "UIInterfaceOrientationPortrait UIInterfaceOrientationPortraitUpsideDown UIInterfaceOrientationLandscapeLeft UIInterfaceOrientationLandscapeRight";
				INFOPLIST_KEY_UISupportedInterfaceOrientations_iPhone = "UIInterfaceOrientationPortrait UIInterfaceOrientationLandscapeLeft UIInterfaceOrientationLandscapeRight";
				LD_RUNPATH_SEARCH_PATHS = (
					"$(inherited)",
					"@executable_path/Frameworks",
				);
				MARKETING_VERSION = 1.0;
				PRODUCT_BUNDLE_IDENTIFIER = LeoLacerda.APPMeuTreino;
				PRODUCT_NAME = "$(TARGET_NAME)";
				SWIFT_EMIT_LOC_STRINGS = YES;
				SWIFT_VERSION = 5.0;
				TARGETED_DEVICE_FAMILY = "1,2";
			};
			name = Debug;
		};
		3F6448E629BA61F300BDE579 /* Release */ = {
			isa = XCBuildConfiguration;
			buildSettings = {
				ASSETCATALOG_COMPILER_APPICON_NAME = AppIcon;
				ASSETCATALOG_COMPILER_GLOBAL_ACCENT_COLOR_NAME = AccentColor;
				CODE_SIGN_STYLE = Automatic;
				CURRENT_PROJECT_VERSION = 1;
				DEVELOPMENT_TEAM = ZJ6WN3W475;
				GENERATE_INFOPLIST_FILE = YES;
				INFOPLIST_FILE = APPMeuTreino/Info.plist;
				INFOPLIST_KEY_CFBundleDisplayName = "Meu Treino";
				INFOPLIST_KEY_NSCameraUsageDescription = "Por favor, autorize o acesso à câmera para trocar a foto de perfil.";
				INFOPLIST_KEY_UIApplicationSupportsIndirectInputEvents = YES;
				INFOPLIST_KEY_UILaunchStoryboardName = LaunchScreen;
				INFOPLIST_KEY_UIMainStoryboardFile = Main;
				INFOPLIST_KEY_UISupportedInterfaceOrientations_iPad = "UIInterfaceOrientationPortrait UIInterfaceOrientationPortraitUpsideDown UIInterfaceOrientationLandscapeLeft UIInterfaceOrientationLandscapeRight";
				INFOPLIST_KEY_UISupportedInterfaceOrientations_iPhone = "UIInterfaceOrientationPortrait UIInterfaceOrientationLandscapeLeft UIInterfaceOrientationLandscapeRight";
				LD_RUNPATH_SEARCH_PATHS = (
					"$(inherited)",
					"@executable_path/Frameworks",
				);
				MARKETING_VERSION = 1.0;
				PRODUCT_BUNDLE_IDENTIFIER = LeoLacerda.APPMeuTreino;
				PRODUCT_NAME = "$(TARGET_NAME)";
				SWIFT_EMIT_LOC_STRINGS = YES;
				SWIFT_VERSION = 5.0;
				TARGETED_DEVICE_FAMILY = "1,2";
			};
			name = Release;
		};
		3F6448E829BA61F300BDE579 /* Debug */ = {
			isa = XCBuildConfiguration;
			buildSettings = {
				ALWAYS_EMBED_SWIFT_STANDARD_LIBRARIES = YES;
				BUNDLE_LOADER = "$(TEST_HOST)";
				CODE_SIGN_STYLE = Automatic;
				CURRENT_PROJECT_VERSION = 1;
				GENERATE_INFOPLIST_FILE = YES;
				IPHONEOS_DEPLOYMENT_TARGET = 16.2;
				MARKETING_VERSION = 1.0;
				PRODUCT_BUNDLE_IDENTIFIER = BrunoMoura.APPMeuTreinoTests;
				PRODUCT_NAME = "$(TARGET_NAME)";
				SWIFT_EMIT_LOC_STRINGS = NO;
				SWIFT_VERSION = 5.0;
				TARGETED_DEVICE_FAMILY = "1,2";
				TEST_HOST = "$(BUILT_PRODUCTS_DIR)/APPMeuTreino.app/$(BUNDLE_EXECUTABLE_FOLDER_PATH)/APPMeuTreino";
			};
			name = Debug;
		};
		3F6448E929BA61F300BDE579 /* Release */ = {
			isa = XCBuildConfiguration;
			buildSettings = {
				ALWAYS_EMBED_SWIFT_STANDARD_LIBRARIES = YES;
				BUNDLE_LOADER = "$(TEST_HOST)";
				CODE_SIGN_STYLE = Automatic;
				CURRENT_PROJECT_VERSION = 1;
				GENERATE_INFOPLIST_FILE = YES;
				IPHONEOS_DEPLOYMENT_TARGET = 16.2;
				MARKETING_VERSION = 1.0;
				PRODUCT_BUNDLE_IDENTIFIER = BrunoMoura.APPMeuTreinoTests;
				PRODUCT_NAME = "$(TARGET_NAME)";
				SWIFT_EMIT_LOC_STRINGS = NO;
				SWIFT_VERSION = 5.0;
				TARGETED_DEVICE_FAMILY = "1,2";
				TEST_HOST = "$(BUILT_PRODUCTS_DIR)/APPMeuTreino.app/$(BUNDLE_EXECUTABLE_FOLDER_PATH)/APPMeuTreino";
			};
			name = Release;
		};
		3F6448EB29BA61F300BDE579 /* Debug */ = {
			isa = XCBuildConfiguration;
			buildSettings = {
				ALWAYS_EMBED_SWIFT_STANDARD_LIBRARIES = YES;
				CODE_SIGN_STYLE = Automatic;
				CURRENT_PROJECT_VERSION = 1;
				GENERATE_INFOPLIST_FILE = YES;
				MARKETING_VERSION = 1.0;
				PRODUCT_BUNDLE_IDENTIFIER = BrunoMoura.APPMeuTreinoUITests;
				PRODUCT_NAME = "$(TARGET_NAME)";
				SWIFT_EMIT_LOC_STRINGS = NO;
				SWIFT_VERSION = 5.0;
				TARGETED_DEVICE_FAMILY = "1,2";
				TEST_TARGET_NAME = APPMeuTreino;
			};
			name = Debug;
		};
		3F6448EC29BA61F300BDE579 /* Release */ = {
			isa = XCBuildConfiguration;
			buildSettings = {
				ALWAYS_EMBED_SWIFT_STANDARD_LIBRARIES = YES;
				CODE_SIGN_STYLE = Automatic;
				CURRENT_PROJECT_VERSION = 1;
				GENERATE_INFOPLIST_FILE = YES;
				MARKETING_VERSION = 1.0;
				PRODUCT_BUNDLE_IDENTIFIER = BrunoMoura.APPMeuTreinoUITests;
				PRODUCT_NAME = "$(TARGET_NAME)";
				SWIFT_EMIT_LOC_STRINGS = NO;
				SWIFT_VERSION = 5.0;
				TARGETED_DEVICE_FAMILY = "1,2";
				TEST_TARGET_NAME = APPMeuTreino;
			};
			name = Release;
		};
/* End XCBuildConfiguration section */

/* Begin XCConfigurationList section */
		3F6448B229BA61F100BDE579 /* Build configuration list for PBXProject "APPMeuTreino" */ = {
			isa = XCConfigurationList;
			buildConfigurations = (
				3F6448E229BA61F300BDE579 /* Debug */,
				3F6448E329BA61F300BDE579 /* Release */,
			);
			defaultConfigurationIsVisible = 0;
			defaultConfigurationName = Release;
		};
		3F6448E429BA61F300BDE579 /* Build configuration list for PBXNativeTarget "APPMeuTreino" */ = {
			isa = XCConfigurationList;
			buildConfigurations = (
				3F6448E529BA61F300BDE579 /* Debug */,
				3F6448E629BA61F300BDE579 /* Release */,
			);
			defaultConfigurationIsVisible = 0;
			defaultConfigurationName = Release;
		};
		3F6448E729BA61F300BDE579 /* Build configuration list for PBXNativeTarget "APPMeuTreinoTests" */ = {
			isa = XCConfigurationList;
			buildConfigurations = (
				3F6448E829BA61F300BDE579 /* Debug */,
				3F6448E929BA61F300BDE579 /* Release */,
			);
			defaultConfigurationIsVisible = 0;
			defaultConfigurationName = Release;
		};
		3F6448EA29BA61F300BDE579 /* Build configuration list for PBXNativeTarget "APPMeuTreinoUITests" */ = {
			isa = XCConfigurationList;
			buildConfigurations = (
				3F6448EB29BA61F300BDE579 /* Debug */,
				3F6448EC29BA61F300BDE579 /* Release */,
			);
			defaultConfigurationIsVisible = 0;
			defaultConfigurationName = Release;
		};
/* End XCConfigurationList section */

/* Begin XCVersionGroup section */
		3F6448C329BA61F100BDE579 /* APPMeuTreino.xcdatamodeld */ = {
			isa = XCVersionGroup;
			children = (
				3F6448C429BA61F100BDE579 /* APPMeuTreino.xcdatamodel */,
			);
			currentVersion = 3F6448C429BA61F100BDE579 /* APPMeuTreino.xcdatamodel */;
			path = APPMeuTreino.xcdatamodeld;
			sourceTree = "<group>";
			versionGroupType = wrapper.xcdatamodel;
		};
/* End XCVersionGroup section */
	};
	rootObject = 3F6448AF29BA61F100BDE579 /* Project object */;
}
